
Microsoft Visual Studio Solution File, Format Version 12.00
# Visual Studio Version 17
VisualStudioVersion = 17.3.32825.248
MinimumVisualStudioVersion = 10.0.40219.1
Project("{8BC9CEB8-8B4A-11D0-8D11-00A0C91BC942}") = "test", "ConsoleApplication1\ConsoleApplication1.vcxproj", "{216407EC-197F-423B-B975-0231DA2804D9}"
EndProject
Project("{8BC9CEB8-8B4A-11D0-8D11-00A0C91BC942}") = "01-SequenceList", "01-SequenceList\01-SequenceList.vcxproj", "{F6A5C1C1-29E2-4032-99E3-327CFB2FE24E}"
EndProject
Global
	GlobalSection(SolutionConfigurationPlatforms) = preSolution
		Debug|x64 = Debug|x64
		Debug|x86 = Debug|x86
		Release|x64 = Release|x64
		Release|x86 = Release|x86
	EndGlobalSection
	GlobalSection(ProjectConfigurationPlatforms) = postSolution
		{216407EC-197F-423B-B975-0231DA2804D9}.Debug|x64.ActiveCfg = Debug|x64
		{216407EC-197F-423B-B975-0231DA2804D9}.Debug|x64.Build.0 = Debug|x64
		{216407EC-197F-423B-B975-0231DA2804D9}.Debug|x86.ActiveCfg = Debug|Win32
		{216407EC-197F-423B-B975-0231DA2804D9}.Debug|x86.Build.0 = Debug|Win32
		{216407EC-197F-423B-B975-0231DA2804D9}.Release|x64.ActiveCfg = Release|x64
		{216407EC-197F-423B-B975-0231DA2804D9}.Release|x64.Build.0 = Release|x64
		{216407EC-197F-423B-B975-0231DA2804D9}.Release|x86.ActiveCfg = Release|Win32
		{216407EC-197F-423B-B975-0231DA2804D9}.Release|x86.Build.0 = Release|Win32
		{F6A5C1C1-29E2-4032-99E3-327CFB2FE24E}.Debug|x64.ActiveCfg = Debug|x64
		{F6A5C1C1-29E2-4032-99E3-327CFB2FE24E}.Debug|x64.Build.0 = Debug|x64
		{F6A5C1C1-29E2-4032-99E3-327CFB2FE24E}.Debug|x86.ActiveCfg = Debug|Win32
		{F6A5C1C1-29E2-4032-99E3-327CFB2FE24E}.Debug|x86.Build.0 = Debug|Win32
		{F6A5C1C1-29E2-4032-99E3-327CFB2FE24E}.Release|x64.ActiveCfg = Release|x64
		{F6A5C1C1-29E2-4032-99E3-327CFB2FE24E}.Release|x64.Build.0 = Release|x64
		{F6A5C1C1-29E2-4032-99E3-327CFB2FE24E}.Release|x86.ActiveCfg = Release|Win32
		{F6A5C1C1-29E2-4032-99E3-327CFB2FE24E}.Release|x86.Build.0 = Release|Win32
	EndGlobalSection
	GlobalSection(SolutionProperties) = preSolution
		HideSolutionNode = FALSE
	EndGlobalSection
	GlobalSection(ExtensibilityGlobals) = postSolution
		SolutionGuid = {E4E530C5-F7D0-4E48-9E96-92592C9ACAEA}
	EndGlobalSection
EndGlobal
